// !$*UTF8*$!
{
	archiveVersion = 1;
	classes = {
	};
	objectVersion = 55;
	objects = {

/* Begin PBXBuildFile section */
		3656181328920235009CFD8D /* AppDelegate.swift in Sources */ = {isa = PBXBuildFile; fileRef = 3656181228920235009CFD8D /* AppDelegate.swift */; };
		3656181C28920237009CFD8D /* Assets.xcassets in Resources */ = {isa = PBXBuildFile; fileRef = 3656181B28920237009CFD8D /* Assets.xcassets */; };
		3656182828920438009CFD8D /* InitialViewController.swift in Sources */ = {isa = PBXBuildFile; fileRef = 3656182628920438009CFD8D /* InitialViewController.swift */; };
		3656182C28920CC0009CFD8D /* TextRow.swift in Sources */ = {isa = PBXBuildFile; fileRef = 3656182B28920CC0009CFD8D /* TextRow.swift */; };
		3656182E28920D30009CFD8D /* Label.swift in Sources */ = {isa = PBXBuildFile; fileRef = 3656182D28920D30009CFD8D /* Label.swift */; };
		365618322892E609009CFD8D /* NavigationWrapperViewController.swift in Sources */ = {isa = PBXBuildFile; fileRef = 365618312892E609009CFD8D /* NavigationWrapperViewController.swift */; };
		365618342892E83D009CFD8D /* UICollectionViewCompositionalLayout+List.swift in Sources */ = {isa = PBXBuildFile; fileRef = 365618332892E83D009CFD8D /* UICollectionViewCompositionalLayout+List.swift */; };
		3656183928942DFD009CFD8D /* Game.swift in Sources */ = {isa = PBXBuildFile; fileRef = 3656183828942DFD009CFD8D /* Game.swift */; };
		3656183B28942E30009CFD8D /* Model.swift in Sources */ = {isa = PBXBuildFile; fileRef = 3656183A28942E30009CFD8D /* Model.swift */; };
		3656183D28942E5F009CFD8D /* Readers.swift in Sources */ = {isa = PBXBuildFile; fileRef = 3656183C28942E5F009CFD8D /* Readers.swift */; };
		3656184028942EBA009CFD8D /* String+Extensions.swift in Sources */ = {isa = PBXBuildFile; fileRef = 3656183F28942EBA009CFD8D /* String+Extensions.swift */; };
		40BD36E63261EAA7B16AA0C4 /* Pods_TriviaWithEpoxy.framework in Frameworks */ = {isa = PBXBuildFile; fileRef = 8F934802C9307B4361DCBFE6 /* Pods_TriviaWithEpoxy.framework */; };
/* End PBXBuildFile section */

/* Begin PBXFileReference section */
		3656180F28920235009CFD8D /* TriviaWithEpoxy.app */ = {isa = PBXFileReference; explicitFileType = wrapper.application; includeInIndex = 0; path = TriviaWithEpoxy.app; sourceTree = BUILT_PRODUCTS_DIR; };
		3656181228920235009CFD8D /* AppDelegate.swift */ = {isa = PBXFileReference; lastKnownFileType = sourcecode.swift; path = AppDelegate.swift; sourceTree = "<group>"; };
		3656181B28920237009CFD8D /* Assets.xcassets */ = {isa = PBXFileReference; lastKnownFileType = folder.assetcatalog; path = Assets.xcassets; sourceTree = "<group>"; };
		3656182028920237009CFD8D /* Info.plist */ = {isa = PBXFileReference; lastKnownFileType = text.plist.xml; path = Info.plist; sourceTree = "<group>"; };
		3656182628920438009CFD8D /* InitialViewController.swift */ = {isa = PBXFileReference; lastKnownFileType = sourcecode.swift; path = InitialViewController.swift; sourceTree = "<group>"; };
		3656182B28920CC0009CFD8D /* TextRow.swift */ = {isa = PBXFileReference; lastKnownFileType = sourcecode.swift; path = TextRow.swift; sourceTree = "<group>"; };
		3656182D28920D30009CFD8D /* Label.swift */ = {isa = PBXFileReference; lastKnownFileType = sourcecode.swift; path = Label.swift; sourceTree = "<group>"; };
		365618312892E609009CFD8D /* NavigationWrapperViewController.swift */ = {isa = PBXFileReference; lastKnownFileType = sourcecode.swift; path = NavigationWrapperViewController.swift; sourceTree = "<group>"; };
		365618332892E83D009CFD8D /* UICollectionViewCompositionalLayout+List.swift */ = {isa = PBXFileReference; lastKnownFileType = sourcecode.swift; path = "UICollectionViewCompositionalLayout+List.swift"; sourceTree = "<group>"; };
		3656183828942DFD009CFD8D /* Game.swift */ = {isa = PBXFileReference; lastKnownFileType = sourcecode.swift; path = Game.swift; sourceTree = "<group>"; };
		3656183A28942E30009CFD8D /* Model.swift */ = {isa = PBXFileReference; lastKnownFileType = sourcecode.swift; path = Model.swift; sourceTree = "<group>"; };
		3656183C28942E5F009CFD8D /* Readers.swift */ = {isa = PBXFileReference; lastKnownFileType = sourcecode.swift; path = Readers.swift; sourceTree = "<group>"; };
		3656183F28942EBA009CFD8D /* String+Extensions.swift */ = {isa = PBXFileReference; lastKnownFileType = sourcecode.swift; path = "String+Extensions.swift"; sourceTree = "<group>"; };
		3AB2EF69A716BD424FDFFB3E /* Pods-TriviaWithEpoxy.debug.xcconfig */ = {isa = PBXFileReference; includeInIndex = 1; lastKnownFileType = text.xcconfig; name = "Pods-TriviaWithEpoxy.debug.xcconfig"; path = "Target Support Files/Pods-TriviaWithEpoxy/Pods-TriviaWithEpoxy.debug.xcconfig"; sourceTree = "<group>"; };
		8F934802C9307B4361DCBFE6 /* Pods_TriviaWithEpoxy.framework */ = {isa = PBXFileReference; explicitFileType = wrapper.framework; includeInIndex = 0; path = Pods_TriviaWithEpoxy.framework; sourceTree = BUILT_PRODUCTS_DIR; };
		95880F7D9A951D8892AA212C /* Pods-TriviaWithEpoxy.release.xcconfig */ = {isa = PBXFileReference; includeInIndex = 1; lastKnownFileType = text.xcconfig; name = "Pods-TriviaWithEpoxy.release.xcconfig"; path = "Target Support Files/Pods-TriviaWithEpoxy/Pods-TriviaWithEpoxy.release.xcconfig"; sourceTree = "<group>"; };
/* End PBXFileReference section */

/* Begin PBXFrameworksBuildPhase section */
		3656180C28920235009CFD8D /* Frameworks */ = {
			isa = PBXFrameworksBuildPhase;
			buildActionMask = 2147483647;
			files = (
				40BD36E63261EAA7B16AA0C4 /* Pods_TriviaWithEpoxy.framework in Frameworks */,
			);
			runOnlyForDeploymentPostprocessing = 0;
		};
/* End PBXFrameworksBuildPhase section */

/* Begin PBXGroup section */
		1C7766750933B01E028AAB6E /* Pods */ = {
			isa = PBXGroup;
			children = (
				3AB2EF69A716BD424FDFFB3E /* Pods-TriviaWithEpoxy.debug.xcconfig */,
				95880F7D9A951D8892AA212C /* Pods-TriviaWithEpoxy.release.xcconfig */,
			);
			path = Pods;
			sourceTree = "<group>";
		};
		3656180628920235009CFD8D = {
			isa = PBXGroup;
			children = (
				3656181128920235009CFD8D /* TriviaWithEpoxy */,
				3656181028920235009CFD8D /* Products */,
				1C7766750933B01E028AAB6E /* Pods */,
				BAEA98694592B823E0A90EBF /* Frameworks */,
			);
			sourceTree = "<group>";
		};
		3656181028920235009CFD8D /* Products */ = {
			isa = PBXGroup;
			children = (
				3656180F28920235009CFD8D /* TriviaWithEpoxy.app */,
			);
			name = Products;
			sourceTree = "<group>";
		};
		3656181128920235009CFD8D /* TriviaWithEpoxy */ = {
			isa = PBXGroup;
			children = (
				3656183E28942EA4009CFD8D /* Extensions */,
				3656183628942DA7009CFD8D /* Infra */,
				3656183728942DDA009CFD8D /* Model */,
				3656182A28920CAA009CFD8D /* Views */,
				3656181228920235009CFD8D /* AppDelegate.swift */,
				3656181B28920237009CFD8D /* Assets.xcassets */,
				3656182028920237009CFD8D /* Info.plist */,
			);
			path = TriviaWithEpoxy;
			sourceTree = "<group>";
		};
		3656182A28920CAA009CFD8D /* Views */ = {
			isa = PBXGroup;
			children = (
				365618352892E854009CFD8D /* Extensions */,
				365618302892E5F7009CFD8D /* Helpers */,
				3656182F28920D39009CFD8D /* Elements */,
				3656182628920438009CFD8D /* InitialViewController.swift */,
			);
			path = Views;
			sourceTree = "<group>";
		};
		3656182F28920D39009CFD8D /* Elements */ = {
			isa = PBXGroup;
			children = (
				3656182D28920D30009CFD8D /* Label.swift */,
				3656182B28920CC0009CFD8D /* TextRow.swift */,
			);
			path = Elements;
			sourceTree = "<group>";
		};
		365618302892E5F7009CFD8D /* Helpers */ = {
			isa = PBXGroup;
			children = (
				365618312892E609009CFD8D /* NavigationWrapperViewController.swift */,
			);
			path = Helpers;
			sourceTree = "<group>";
		};
		365618352892E854009CFD8D /* Extensions */ = {
			isa = PBXGroup;
			children = (
				365618332892E83D009CFD8D /* UICollectionViewCompositionalLayout+List.swift */,
			);
			path = Extensions;
			sourceTree = "<group>";
		};
		3656183628942DA7009CFD8D /* Infra */ = {
			isa = PBXGroup;
			children = (
				3656183C28942E5F009CFD8D /* Readers.swift */,
			);
			path = Infra;
			sourceTree = "<group>";
		};
		3656183728942DDA009CFD8D /* Model */ = {
			isa = PBXGroup;
			children = (
				3656183828942DFD009CFD8D /* Game.swift */,
				3656183A28942E30009CFD8D /* Model.swift */,
			);
			path = Model;
			sourceTree = "<group>";
		};
		3656183E28942EA4009CFD8D /* Extensions */ = {
			isa = PBXGroup;
			children = (
				3656183F28942EBA009CFD8D /* String+Extensions.swift */,
			);
			path = Extensions;
			sourceTree = "<group>";
		};
		BAEA98694592B823E0A90EBF /* Frameworks */ = {
			isa = PBXGroup;
			children = (
				8F934802C9307B4361DCBFE6 /* Pods_TriviaWithEpoxy.framework */,
			);
			name = Frameworks;
			sourceTree = "<group>";
		};
/* End PBXGroup section */

/* Begin PBXNativeTarget section */
		3656180E28920235009CFD8D /* TriviaWithEpoxy */ = {
			isa = PBXNativeTarget;
			buildConfigurationList = 3656182328920237009CFD8D /* Build configuration list for PBXNativeTarget "TriviaWithEpoxy" */;
			buildPhases = (
				42E27F81ACBE05C1725EB952 /* [CP] Check Pods Manifest.lock */,
				3656180B28920235009CFD8D /* Sources */,
				3656180C28920235009CFD8D /* Frameworks */,
				3656180D28920235009CFD8D /* Resources */,
				9D3E1F9C3ABFE31B9C57FC4B /* [CP] Embed Pods Frameworks */,
			);
			buildRules = (
			);
			dependencies = (
			);
			name = TriviaWithEpoxy;
			productName = TriviaWithEpoxy;
			productReference = 3656180F28920235009CFD8D /* TriviaWithEpoxy.app */;
			productType = "com.apple.product-type.application";
		};
/* End PBXNativeTarget section */

/* Begin PBXProject section */
		3656180728920235009CFD8D /* Project object */ = {
			isa = PBXProject;
			attributes = {
				BuildIndependentTargetsInParallel = 1;
				LastSwiftUpdateCheck = 1330;
				LastUpgradeCheck = 1330;
				TargetAttributes = {
					3656180E28920235009CFD8D = {
						CreatedOnToolsVersion = 13.3;
					};
				};
			};
			buildConfigurationList = 3656180A28920235009CFD8D /* Build configuration list for PBXProject "TriviaWithEpoxy" */;
			compatibilityVersion = "Xcode 13.0";
			developmentRegion = en;
			hasScannedForEncodings = 0;
			knownRegions = (
				en,
				Base,
			);
			mainGroup = 3656180628920235009CFD8D;
			productRefGroup = 3656181028920235009CFD8D /* Products */;
			projectDirPath = "";
			projectRoot = "";
			targets = (
				3656180E28920235009CFD8D /* TriviaWithEpoxy */,
			);
		};
/* End PBXProject section */

/* Begin PBXResourcesBuildPhase section */
		3656180D28920235009CFD8D /* Resources */ = {
			isa = PBXResourcesBuildPhase;
			buildActionMask = 2147483647;
			files = (
				3656181C28920237009CFD8D /* Assets.xcassets in Resources */,
			);
			runOnlyForDeploymentPostprocessing = 0;
		};
/* End PBXResourcesBuildPhase section */

/* Begin PBXShellScriptBuildPhase section */
		42E27F81ACBE05C1725EB952 /* [CP] Check Pods Manifest.lock */ = {
			isa = PBXShellScriptBuildPhase;
			buildActionMask = 2147483647;
			files = (
			);
			inputFileListPaths = (
			);
			inputPaths = (
				"${PODS_PODFILE_DIR_PATH}/Podfile.lock",
				"${PODS_ROOT}/Manifest.lock",
			);
			name = "[CP] Check Pods Manifest.lock";
			outputFileListPaths = (
			);
			outputPaths = (
				"$(DERIVED_FILE_DIR)/Pods-TriviaWithEpoxy-checkManifestLockResult.txt",
			);
			runOnlyForDeploymentPostprocessing = 0;
			shellPath = /bin/sh;
			shellScript = "diff \"${PODS_PODFILE_DIR_PATH}/Podfile.lock\" \"${PODS_ROOT}/Manifest.lock\" > /dev/null\nif [ $? != 0 ] ; then\n    # print error to STDERR\n    echo \"error: The sandbox is not in sync with the Podfile.lock. Run 'pod install' or update your CocoaPods installation.\" >&2\n    exit 1\nfi\n# This output is used by Xcode 'outputs' to avoid re-running this script phase.\necho \"SUCCESS\" > \"${SCRIPT_OUTPUT_FILE_0}\"\n";
			showEnvVarsInLog = 0;
		};
		9D3E1F9C3ABFE31B9C57FC4B /* [CP] Embed Pods Frameworks */ = {
			isa = PBXShellScriptBuildPhase;
			buildActionMask = 2147483647;
			files = (
			);
			inputFileListPaths = (
				"${PODS_ROOT}/Target Support Files/Pods-TriviaWithEpoxy/Pods-TriviaWithEpoxy-frameworks-${CONFIGURATION}-input-files.xcfilelist",
			);
			name = "[CP] Embed Pods Frameworks";
			outputFileListPaths = (
				"${PODS_ROOT}/Target Support Files/Pods-TriviaWithEpoxy/Pods-TriviaWithEpoxy-frameworks-${CONFIGURATION}-output-files.xcfilelist",
			);
			runOnlyForDeploymentPostprocessing = 0;
			shellPath = /bin/sh;
			shellScript = "\"${PODS_ROOT}/Target Support Files/Pods-TriviaWithEpoxy/Pods-TriviaWithEpoxy-frameworks.sh\"\n";
			showEnvVarsInLog = 0;
		};
/* End PBXShellScriptBuildPhase section */

/* Begin PBXSourcesBuildPhase section */
		3656180B28920235009CFD8D /* Sources */ = {
			isa = PBXSourcesBuildPhase;
			buildActionMask = 2147483647;
			files = (
				3656183B28942E30009CFD8D /* Model.swift in Sources */,
				3656184028942EBA009CFD8D /* String+Extensions.swift in Sources */,
				3656182C28920CC0009CFD8D /* TextRow.swift in Sources */,
				3656182E28920D30009CFD8D /* Label.swift in Sources */,
				365618322892E609009CFD8D /* NavigationWrapperViewController.swift in Sources */,
				3656183D28942E5F009CFD8D /* Readers.swift in Sources */,
				3656181328920235009CFD8D /* AppDelegate.swift in Sources */,
				3656182828920438009CFD8D /* InitialViewController.swift in Sources */,
				365618342892E83D009CFD8D /* UICollectionViewCompositionalLayout+List.swift in Sources */,
				3656183928942DFD009CFD8D /* Game.swift in Sources */,
			);
			runOnlyForDeploymentPostprocessing = 0;
		};
/* End PBXSourcesBuildPhase section */

/* Begin XCBuildConfiguration section */
		3656182128920237009CFD8D /* Debug */ = {
			isa = XCBuildConfiguration;
			buildSettings = {
				ALWAYS_SEARCH_USER_PATHS = NO;
				CLANG_ANALYZER_NONNULL = YES;
				CLANG_ANALYZER_NUMBER_OBJECT_CONVERSION = YES_AGGRESSIVE;
				CLANG_CXX_LANGUAGE_STANDARD = "gnu++17";
				CLANG_ENABLE_MODULES = YES;
				CLANG_ENABLE_OBJC_ARC = YES;
				CLANG_ENABLE_OBJC_WEAK = YES;
				CLANG_WARN_BLOCK_CAPTURE_AUTORELEASING = YES;
				CLANG_WARN_BOOL_CONVERSION = YES;
				CLANG_WARN_COMMA = YES;
				CLANG_WARN_CONSTANT_CONVERSION = YES;
				CLANG_WARN_DEPRECATED_OBJC_IMPLEMENTATIONS = YES;
				CLANG_WARN_DIRECT_OBJC_ISA_USAGE = YES_ERROR;
				CLANG_WARN_DOCUMENTATION_COMMENTS = YES;
				CLANG_WARN_EMPTY_BODY = YES;
				CLANG_WARN_ENUM_CONVERSION = YES;
				CLANG_WARN_INFINITE_RECURSION = YES;
				CLANG_WARN_INT_CONVERSION = YES;
				CLANG_WARN_NON_LITERAL_NULL_CONVERSION = YES;
				CLANG_WARN_OBJC_IMPLICIT_RETAIN_SELF = YES;
				CLANG_WARN_OBJC_LITERAL_CONVERSION = YES;
				CLANG_WARN_OBJC_ROOT_CLASS = YES_ERROR;
				CLANG_WARN_QUOTED_INCLUDE_IN_FRAMEWORK_HEADER = YES;
				CLANG_WARN_RANGE_LOOP_ANALYSIS = YES;
				CLANG_WARN_STRICT_PROTOTYPES = YES;
				CLANG_WARN_SUSPICIOUS_MOVE = YES;
				CLANG_WARN_UNGUARDED_AVAILABILITY = YES_AGGRESSIVE;
				CLANG_WARN_UNREACHABLE_CODE = YES;
				CLANG_WARN__DUPLICATE_METHOD_MATCH = YES;
				COPY_PHASE_STRIP = NO;
				DEBUG_INFORMATION_FORMAT = dwarf;
				ENABLE_STRICT_OBJC_MSGSEND = YES;
				ENABLE_TESTABILITY = YES;
				GCC_C_LANGUAGE_STANDARD = gnu11;
				GCC_DYNAMIC_NO_PIC = NO;
				GCC_NO_COMMON_BLOCKS = YES;
				GCC_OPTIMIZATION_LEVEL = 0;
				GCC_PREPROCESSOR_DEFINITIONS = (
					"DEBUG=1",
					"$(inherited)",
				);
				GCC_WARN_64_TO_32_BIT_CONVERSION = YES;
				GCC_WARN_ABOUT_RETURN_TYPE = YES_ERROR;
				GCC_WARN_UNDECLARED_SELECTOR = YES;
				GCC_WARN_UNINITIALIZED_AUTOS = YES_AGGRESSIVE;
				GCC_WARN_UNUSED_FUNCTION = YES;
				GCC_WARN_UNUSED_VARIABLE = YES;
				IPHONEOS_DEPLOYMENT_TARGET = 15.4;
				MTL_ENABLE_DEBUG_INFO = INCLUDE_SOURCE;
				MTL_FAST_MATH = YES;
				ONLY_ACTIVE_ARCH = YES;
				SDKROOT = iphoneos;
				SWIFT_ACTIVE_COMPILATION_CONDITIONS = DEBUG;
				SWIFT_OPTIMIZATION_LEVEL = "-Onone";
			};
			name = Debug;
		};
		3656182228920237009CFD8D /* Release */ = {
			isa = XCBuildConfiguration;
			buildSettings = {
				ALWAYS_SEARCH_USER_PATHS = NO;
				CLANG_ANALYZER_NONNULL = YES;
				CLANG_ANALYZER_NUMBER_OBJECT_CONVERSION = YES_AGGRESSIVE;
				CLANG_CXX_LANGUAGE_STANDARD = "gnu++17";
				CLANG_ENABLE_MODULES = YES;
				CLANG_ENABLE_OBJC_ARC = YES;
				CLANG_ENABLE_OBJC_WEAK = YES;
				CLANG_WARN_BLOCK_CAPTURE_AUTORELEASING = YES;
				CLANG_WARN_BOOL_CONVERSION = YES;
				CLANG_WARN_COMMA = YES;
				CLANG_WARN_CONSTANT_CONVERSION = YES;
				CLANG_WARN_DEPRECATED_OBJC_IMPLEMENTATIONS = YES;
				CLANG_WARN_DIRECT_OBJC_ISA_USAGE = YES_ERROR;
				CLANG_WARN_DOCUMENTATION_COMMENTS = YES;
				CLANG_WARN_EMPTY_BODY = YES;
				CLANG_WARN_ENUM_CONVERSION = YES;
				CLANG_WARN_INFINITE_RECURSION = YES;
				CLANG_WARN_INT_CONVERSION = YES;
				CLANG_WARN_NON_LITERAL_NULL_CONVERSION = YES;
				CLANG_WARN_OBJC_IMPLICIT_RETAIN_SELF = YES;
				CLANG_WARN_OBJC_LITERAL_CONVERSION = YES;
				CLANG_WARN_OBJC_ROOT_CLASS = YES_ERROR;
				CLANG_WARN_QUOTED_INCLUDE_IN_FRAMEWORK_HEADER = YES;
				CLANG_WARN_RANGE_LOOP_ANALYSIS = YES;
				CLANG_WARN_STRICT_PROTOTYPES = YES;
				CLANG_WARN_SUSPICIOUS_MOVE = YES;
				CLANG_WARN_UNGUARDED_AVAILABILITY = YES_AGGRESSIVE;
				CLANG_WARN_UNREACHABLE_CODE = YES;
				CLANG_WARN__DUPLICATE_METHOD_MATCH = YES;
				COPY_PHASE_STRIP = NO;
				DEBUG_INFORMATION_FORMAT = "dwarf-with-dsym";
				ENABLE_NS_ASSERTIONS = NO;
				ENABLE_STRICT_OBJC_MSGSEND = YES;
				GCC_C_LANGUAGE_STANDARD = gnu11;
				GCC_NO_COMMON_BLOCKS = YES;
				GCC_WARN_64_TO_32_BIT_CONVERSION = YES;
				GCC_WARN_ABOUT_RETURN_TYPE = YES_ERROR;
				GCC_WARN_UNDECLARED_SELECTOR = YES;
				GCC_WARN_UNINITIALIZED_AUTOS = YES_AGGRESSIVE;
				GCC_WARN_UNUSED_FUNCTION = YES;
				GCC_WARN_UNUSED_VARIABLE = YES;
				IPHONEOS_DEPLOYMENT_TARGET = 15.4;
				MTL_ENABLE_DEBUG_INFO = NO;
				MTL_FAST_MATH = YES;
				SDKROOT = iphoneos;
				SWIFT_COMPILATION_MODE = wholemodule;
				SWIFT_OPTIMIZATION_LEVEL = "-O";
				VALIDATE_PRODUCT = YES;
			};
			name = Release;
		};
		3656182428920237009CFD8D /* Debug */ = {
			isa = XCBuildConfiguration;
			baseConfigurationReference = 3AB2EF69A716BD424FDFFB3E /* Pods-TriviaWithEpoxy.debug.xcconfig */;
			buildSettings = {
				ASSETCATALOG_COMPILER_APPICON_NAME = AppIcon;
				ASSETCATALOG_COMPILER_GLOBAL_ACCENT_COLOR_NAME = AccentColor;
				CODE_SIGN_STYLE = Automatic;
				CURRENT_PROJECT_VERSION = 1;
				DEVELOPMENT_TEAM = M4GRMX6CNS;
				GENERATE_INFOPLIST_FILE = YES;
				INFOPLIST_FILE = TriviaWithEpoxy/Info.plist;
				INFOPLIST_KEY_UIApplicationSupportsIndirectInputEvents = YES;
				INFOPLIST_KEY_UILaunchStoryboardName = LaunchScreen;
				INFOPLIST_KEY_UISupportedInterfaceOrientations_iPad = "UIInterfaceOrientationPortrait UIInterfaceOrientationPortraitUpsideDown UIInterfaceOrientationLandscapeLeft UIInterfaceOrientationLandscapeRight";
				INFOPLIST_KEY_UISupportedInterfaceOrientations_iPhone = "UIInterfaceOrientationPortrait UIInterfaceOrientationLandscapeLeft UIInterfaceOrientationLandscapeRight";
				LD_RUNPATH_SEARCH_PATHS = (
					"$(inherited)",
					"@executable_path/Frameworks",
				);
				MARKETING_VERSION = 1.0;
				PRODUCT_BUNDLE_IDENTIFIER = gertrudisGraphics.TriviaWithEpoxy;
				PRODUCT_NAME = "$(TARGET_NAME)";
				SWIFT_EMIT_LOC_STRINGS = YES;
				SWIFT_VERSION = 5.0;
				TARGETED_DEVICE_FAMILY = "1,2";
			};
			name = Debug;
		};
		3656182528920237009CFD8D /* Release */ = {
			isa = XCBuildConfiguration;
			baseConfigurationReference = 95880F7D9A951D8892AA212C /* Pods-TriviaWithEpoxy.release.xcconfig */;
			buildSettings = {
				ASSETCATALOG_COMPILER_APPICON_NAME = AppIcon;
				ASSETCATALOG_COMPILER_GLOBAL_ACCENT_COLOR_NAME = AccentColor;
				CODE_SIGN_STYLE = Automatic;
				CURRENT_PROJECT_VERSION = 1;
				DEVELOPMENT_TEAM = M4GRMX6CNS;
				GENERATE_INFOPLIST_FILE = YES;
				INFOPLIST_FILE = TriviaWithEpoxy/Info.plist;
				INFOPLIST_KEY_UIApplicationSupportsIndirectInputEvents = YES;
				INFOPLIST_KEY_UILaunchStoryboardName = LaunchScreen;
				INFOPLIST_KEY_UISupportedInterfaceOrientations_iPad = "UIInterfaceOrientationPortrait UIInterfaceOrientationPortraitUpsideDown UIInterfaceOrientationLandscapeLeft UIInterfaceOrientationLandscapeRight";
				INFOPLIST_KEY_UISupportedInterfaceOrientations_iPhone = "UIInterfaceOrientationPortrait UIInterfaceOrientationLandscapeLeft UIInterfaceOrientationLandscapeRight";
				LD_RUNPATH_SEARCH_PATHS = (
					"$(inherited)",
					"@executable_path/Frameworks",
				);
				MARKETING_VERSION = 1.0;
				PRODUCT_BUNDLE_IDENTIFIER = gertrudisGraphics.TriviaWithEpoxy;
				PRODUCT_NAME = "$(TARGET_NAME)";
				SWIFT_EMIT_LOC_STRINGS = YES;
				SWIFT_VERSION = 5.0;
				TARGETED_DEVICE_FAMILY = "1,2";
			};
			name = Release;
		};
/* End XCBuildConfiguration section */

/* Begin XCConfigurationList section */
		3656180A28920235009CFD8D /* Build configuration list for PBXProject "TriviaWithEpoxy" */ = {
			isa = XCConfigurationList;
			buildConfigurations = (
				3656182128920237009CFD8D /* Debug */,
				3656182228920237009CFD8D /* Release */,
			);
			defaultConfigurationIsVisible = 0;
			defaultConfigurationName = Release;
		};
		3656182328920237009CFD8D /* Build configuration list for PBXNativeTarget "TriviaWithEpoxy" */ = {
			isa = XCConfigurationList;
			buildConfigurations = (
				3656182428920237009CFD8D /* Debug */,
				3656182528920237009CFD8D /* Release */,
			);
			defaultConfigurationIsVisible = 0;
			defaultConfigurationName = Release;
		};
/* End XCConfigurationList section */
	};
	rootObject = 3656180728920235009CFD8D /* Project object */;
}
